
Microsoft Visual Studio Solution File, Format Version 12.00
# Visual Studio Version 16
VisualStudioVersion = 16.0.30002.166
MinimumVisualStudioVersion = 10.0.40219.1
Project("{FAE04EC0-301F-11D3-BF4B-00C04F79EFBC}") = "WebApp", "WebApp\WebApp.csproj", "{D6FD5EE5-86F2-43B1-9342-279526E01166}"
EndProject
Project("{FAE04EC0-301F-11D3-BF4B-00C04F79EFBC}") = "App.Repository", "App.Repository\App.Repository.csproj", "{EA70C7B2-5C1D-4362-965F-C20B7F9114E8}"
EndProject
Project("{FAE04EC0-301F-11D3-BF4B-00C04F79EFBC}") = "App.Domain", "App.Domain\App.Domain.csproj", "{3AF9AB33-D206-4D2B-8276-3E4938A83388}"
EndProject
Global
	GlobalSection(SolutionConfigurationPlatforms) = preSolution
		Debug|Any CPU = Debug|Any CPU
		Release|Any CPU = Release|Any CPU
	EndGlobalSection
	GlobalSection(ProjectConfigurationPlatforms) = postSolution
		{D6FD5EE5-86F2-43B1-9342-279526E01166}.Debug|Any CPU.ActiveCfg = Debug|Any CPU
		{D6FD5EE5-86F2-43B1-9342-279526E01166}.Debug|Any CPU.Build.0 = Debug|Any CPU
		{D6FD5EE5-86F2-43B1-9342-279526E01166}.Release|Any CPU.ActiveCfg = Release|Any CPU
		{D6FD5EE5-86F2-43B1-9342-279526E01166}.Release|Any CPU.Build.0 = Release|Any CPU
		{EA70C7B2-5C1D-4362-965F-C20B7F9114E8}.Debug|Any CPU.ActiveCfg = Debug|Any CPU
		{EA70C7B2-5C1D-4362-965F-C20B7F9114E8}.Debug|Any CPU.Build.0 = Debug|Any CPU
		{EA70C7B2-5C1D-4362-965F-C20B7F9114E8}.Release|Any CPU.ActiveCfg = Release|Any CPU
		{EA70C7B2-5C1D-4362-965F-C20B7F9114E8}.Release|Any CPU.Build.0 = Release|Any CPU
		{3AF9AB33-D206-4D2B-8276-3E4938A83388}.Debug|Any CPU.ActiveCfg = Debug|Any CPU
		{3AF9AB33-D206-4D2B-8276-3E4938A83388}.Debug|Any CPU.Build.0 = Debug|Any CPU
		{3AF9AB33-D206-4D2B-8276-3E4938A83388}.Release|Any CPU.ActiveCfg = Release|Any CPU
		{3AF9AB33-D206-4D2B-8276-3E4938A83388}.Release|Any CPU.Build.0 = Release|Any CPU
	EndGlobalSection
	GlobalSection(SolutionProperties) = preSolution
		HideSolutionNode = FALSE
	EndGlobalSection
	GlobalSection(ExtensibilityGlobals) = postSolution
		SolutionGuid = {D5E2F1B0-B668-4731-8A9E-4F608B282F07}
	EndGlobalSection
EndGlobal
